// !$*UTF8*$!
{
	archiveVersion = 1;
	classes = {
	};
	objectVersion = 55;
	objects = {

/* Begin PBXBuildFile section */
		F42A621328C9C4DA008E5CFF /* MainCollectionViewCell.swift in Sources */ = {isa = PBXBuildFile; fileRef = F42A621228C9C4DA008E5CFF /* MainCollectionViewCell.swift */; };
		F42A621628C9C594008E5CFF /* SnapKit in Frameworks */ = {isa = PBXBuildFile; productRef = F42A621528C9C594008E5CFF /* SnapKit */; };
		F454EC8528C9E8CA0009AE1C /* TopicViewController.swift in Sources */ = {isa = PBXBuildFile; fileRef = F454EC8428C9E8CA0009AE1C /* TopicViewController.swift */; };
		F454EC8728C9EA320009AE1C /* TopicCell.swift in Sources */ = {isa = PBXBuildFile; fileRef = F454EC8628C9EA320009AE1C /* TopicCell.swift */; };
		F454EC8A28CA0B1E0009AE1C /* BaseViewController.swift in Sources */ = {isa = PBXBuildFile; fileRef = F454EC8928CA0B1E0009AE1C /* BaseViewController.swift */; };
		F454EC8C28CA0BAD0009AE1C /* BaseView.swift in Sources */ = {isa = PBXBuildFile; fileRef = F454EC8B28CA0BAD0009AE1C /* BaseView.swift */; };
		F454EC8E28CA0BB90009AE1C /* MainView.swift in Sources */ = {isa = PBXBuildFile; fileRef = F454EC8D28CA0BB90009AE1C /* MainView.swift */; };
		F49822F128C9DA2E00FF37FF /* Model.swift in Sources */ = {isa = PBXBuildFile; fileRef = F49822F028C9DA2E00FF37FF /* Model.swift */; };
		F4E2EA7D28C99F5800BBAC47 /* AppDelegate.swift in Sources */ = {isa = PBXBuildFile; fileRef = F4E2EA7C28C99F5800BBAC47 /* AppDelegate.swift */; };
		F4E2EA7F28C99F5800BBAC47 /* SceneDelegate.swift in Sources */ = {isa = PBXBuildFile; fileRef = F4E2EA7E28C99F5800BBAC47 /* SceneDelegate.swift */; };
		F4E2EA8128C99F5800BBAC47 /* MainViewController.swift in Sources */ = {isa = PBXBuildFile; fileRef = F4E2EA8028C99F5800BBAC47 /* MainViewController.swift */; };
		F4E2EA8428C99F5800BBAC47 /* Main.storyboard in Resources */ = {isa = PBXBuildFile; fileRef = F4E2EA8228C99F5800BBAC47 /* Main.storyboard */; };
		F4E2EA8628C99F5900BBAC47 /* Assets.xcassets in Resources */ = {isa = PBXBuildFile; fileRef = F4E2EA8528C99F5900BBAC47 /* Assets.xcassets */; };
		F4E2EA8928C99F5900BBAC47 /* LaunchScreen.storyboard in Resources */ = {isa = PBXBuildFile; fileRef = F4E2EA8728C99F5900BBAC47 /* LaunchScreen.storyboard */; };
/* End PBXBuildFile section */

/* Begin PBXFileReference section */
		F42A621228C9C4DA008E5CFF /* MainCollectionViewCell.swift */ = {isa = PBXFileReference; lastKnownFileType = sourcecode.swift; path = MainCollectionViewCell.swift; sourceTree = "<group>"; };
		F454EC8428C9E8CA0009AE1C /* TopicViewController.swift */ = {isa = PBXFileReference; lastKnownFileType = sourcecode.swift; path = TopicViewController.swift; sourceTree = "<group>"; };
		F454EC8628C9EA320009AE1C /* TopicCell.swift */ = {isa = PBXFileReference; lastKnownFileType = sourcecode.swift; path = TopicCell.swift; sourceTree = "<group>"; };
		F454EC8928CA0B1E0009AE1C /* BaseViewController.swift */ = {isa = PBXFileReference; lastKnownFileType = sourcecode.swift; path = BaseViewController.swift; sourceTree = "<group>"; };
		F454EC8B28CA0BAD0009AE1C /* BaseView.swift */ = {isa = PBXFileReference; lastKnownFileType = sourcecode.swift; path = BaseView.swift; sourceTree = "<group>"; };
		F454EC8D28CA0BB90009AE1C /* MainView.swift */ = {isa = PBXFileReference; lastKnownFileType = sourcecode.swift; path = MainView.swift; sourceTree = "<group>"; };
		F49822F028C9DA2E00FF37FF /* Model.swift */ = {isa = PBXFileReference; lastKnownFileType = sourcecode.swift; path = Model.swift; sourceTree = "<group>"; };
		F4E2EA7928C99F5800BBAC47 /* UICollectionViewDiffableDataSource.app */ = {isa = PBXFileReference; explicitFileType = wrapper.application; includeInIndex = 0; path = UICollectionViewDiffableDataSource.app; sourceTree = BUILT_PRODUCTS_DIR; };
		F4E2EA7C28C99F5800BBAC47 /* AppDelegate.swift */ = {isa = PBXFileReference; lastKnownFileType = sourcecode.swift; path = AppDelegate.swift; sourceTree = "<group>"; };
		F4E2EA7E28C99F5800BBAC47 /* SceneDelegate.swift */ = {isa = PBXFileReference; lastKnownFileType = sourcecode.swift; path = SceneDelegate.swift; sourceTree = "<group>"; };
		F4E2EA8028C99F5800BBAC47 /* MainViewController.swift */ = {isa = PBXFileReference; lastKnownFileType = sourcecode.swift; path = MainViewController.swift; sourceTree = "<group>"; };
		F4E2EA8328C99F5800BBAC47 /* Base */ = {isa = PBXFileReference; lastKnownFileType = file.storyboard; name = Base; path = Base.lproj/Main.storyboard; sourceTree = "<group>"; };
		F4E2EA8528C99F5900BBAC47 /* Assets.xcassets */ = {isa = PBXFileReference; lastKnownFileType = folder.assetcatalog; path = Assets.xcassets; sourceTree = "<group>"; };
		F4E2EA8828C99F5900BBAC47 /* Base */ = {isa = PBXFileReference; lastKnownFileType = file.storyboard; name = Base; path = Base.lproj/LaunchScreen.storyboard; sourceTree = "<group>"; };
		F4E2EA8A28C99F5900BBAC47 /* Info.plist */ = {isa = PBXFileReference; lastKnownFileType = text.plist.xml; path = Info.plist; sourceTree = "<group>"; };
/* End PBXFileReference section */

/* Begin PBXFrameworksBuildPhase section */
		F4E2EA7628C99F5800BBAC47 /* Frameworks */ = {
			isa = PBXFrameworksBuildPhase;
			buildActionMask = 2147483647;
			files = (
				F42A621628C9C594008E5CFF /* SnapKit in Frameworks */,
			);
			runOnlyForDeploymentPostprocessing = 0;
		};
/* End PBXFrameworksBuildPhase section */

/* Begin PBXGroup section */
		F454EC8228C9E84E0009AE1C /* Topic */ = {
			isa = PBXGroup;
			children = (
				F454EC8428C9E8CA0009AE1C /* TopicViewController.swift */,
				F454EC8628C9EA320009AE1C /* TopicCell.swift */,
			);
			path = Topic;
			sourceTree = "<group>";
		};
		F454EC8328C9E8550009AE1C /* Main */ = {
			isa = PBXGroup;
			children = (
				F4E2EA8028C99F5800BBAC47 /* MainViewController.swift */,
				F454EC8D28CA0BB90009AE1C /* MainView.swift */,
				F42A621228C9C4DA008E5CFF /* MainCollectionViewCell.swift */,
			);
			path = Main;
			sourceTree = "<group>";
		};
		F454EC8828CA0AC20009AE1C /* Bases */ = {
			isa = PBXGroup;
			children = (
				F454EC8928CA0B1E0009AE1C /* BaseViewController.swift */,
				F454EC8B28CA0BAD0009AE1C /* BaseView.swift */,
			);
			path = Bases;
			sourceTree = "<group>";
		};
		F4E2EA7028C99F5800BBAC47 = {
			isa = PBXGroup;
			children = (
				F4E2EA7B28C99F5800BBAC47 /* UICollectionViewDiffableDataSource */,
				F4E2EA7A28C99F5800BBAC47 /* Products */,
			);
			sourceTree = "<group>";
		};
		F4E2EA7A28C99F5800BBAC47 /* Products */ = {
			isa = PBXGroup;
			children = (
				F4E2EA7928C99F5800BBAC47 /* UICollectionViewDiffableDataSource.app */,
			);
			name = Products;
			sourceTree = "<group>";
		};
		F4E2EA7B28C99F5800BBAC47 /* UICollectionViewDiffableDataSource */ = {
			isa = PBXGroup;
			children = (
				F454EC8828CA0AC20009AE1C /* Bases */,
				F4E2EA7C28C99F5800BBAC47 /* AppDelegate.swift */,
				F4E2EA7E28C99F5800BBAC47 /* SceneDelegate.swift */,
				F454EC8328C9E8550009AE1C /* Main */,
				F454EC8228C9E84E0009AE1C /* Topic */,
				F4E2EA8228C99F5800BBAC47 /* Main.storyboard */,
				F4E2EA8528C99F5900BBAC47 /* Assets.xcassets */,
				F4E2EA8728C99F5900BBAC47 /* LaunchScreen.storyboard */,
				F4E2EA8A28C99F5900BBAC47 /* Info.plist */,
				F49822F028C9DA2E00FF37FF /* Model.swift */,
			);
			path = UICollectionViewDiffableDataSource;
			sourceTree = "<group>";
		};
/* End PBXGroup section */

/* Begin PBXNativeTarget section */
		F4E2EA7828C99F5800BBAC47 /* UICollectionViewDiffableDataSource */ = {
			isa = PBXNativeTarget;
			buildConfigurationList = F4E2EA8D28C99F5900BBAC47 /* Build configuration list for PBXNativeTarget "UICollectionViewDiffableDataSource" */;
			buildPhases = (
				F4E2EA7528C99F5800BBAC47 /* Sources */,
				F4E2EA7628C99F5800BBAC47 /* Frameworks */,
				F4E2EA7728C99F5800BBAC47 /* Resources */,
			);
			buildRules = (
			);
			dependencies = (
			);
			name = UICollectionViewDiffableDataSource;
			packageProductDependencies = (
				F42A621528C9C594008E5CFF /* SnapKit */,
			);
			productName = UICollectionViewDiffableDataSource;
			productReference = F4E2EA7928C99F5800BBAC47 /* UICollectionViewDiffableDataSource.app */;
			productType = "com.apple.product-type.application";
		};
/* End PBXNativeTarget section */

/* Begin PBXProject section */
		F4E2EA7128C99F5800BBAC47 /* Project object */ = {
			isa = PBXProject;
			attributes = {
				BuildIndependentTargetsInParallel = 1;
				LastSwiftUpdateCheck = 1340;
				LastUpgradeCheck = 1340;
				TargetAttributes = {
					F4E2EA7828C99F5800BBAC47 = {
						CreatedOnToolsVersion = 13.4.1;
					};
				};
			};
			buildConfigurationList = F4E2EA7428C99F5800BBAC47 /* Build configuration list for PBXProject "UICollectionViewDiffableDataSource" */;
			compatibilityVersion = "Xcode 13.0";
			developmentRegion = en;
			hasScannedForEncodings = 0;
			knownRegions = (
				en,
				Base,
			);
			mainGroup = F4E2EA7028C99F5800BBAC47;
			packageReferences = (
				F42A621428C9C594008E5CFF /* XCRemoteSwiftPackageReference "SnapKit" */,
			);
			productRefGroup = F4E2EA7A28C99F5800BBAC47 /* Products */;
			projectDirPath = "";
			projectRoot = "";
			targets = (
				F4E2EA7828C99F5800BBAC47 /* UICollectionViewDiffableDataSource */,
			);
		};
/* End PBXProject section */

/* Begin PBXResourcesBuildPhase section */
		F4E2EA7728C99F5800BBAC47 /* Resources */ = {
			isa = PBXResourcesBuildPhase;
			buildActionMask = 2147483647;
			files = (
				F4E2EA8928C99F5900BBAC47 /* LaunchScreen.storyboard in Resources */,
				F4E2EA8628C99F5900BBAC47 /* Assets.xcassets in Resources */,
				F4E2EA8428C99F5800BBAC47 /* Main.storyboard in Resources */,
			);
			runOnlyForDeploymentPostprocessing = 0;
		};
/* End PBXResourcesBuildPhase section */

/* Begin PBXSourcesBuildPhase section */
		F4E2EA7528C99F5800BBAC47 /* Sources */ = {
			isa = PBXSourcesBuildPhase;
			buildActionMask = 2147483647;
			files = (
				F49822F128C9DA2E00FF37FF /* Model.swift in Sources */,
				F4E2EA8128C99F5800BBAC47 /* MainViewController.swift in Sources */,
				F454EC8528C9E8CA0009AE1C /* TopicViewController.swift in Sources */,
				F454EC8E28CA0BB90009AE1C /* MainView.swift in Sources */,
				F4E2EA7D28C99F5800BBAC47 /* AppDelegate.swift in Sources */,
				F4E2EA7F28C99F5800BBAC47 /* SceneDelegate.swift in Sources */,
				F454EC8A28CA0B1E0009AE1C /* BaseViewController.swift in Sources */,
				F454EC8C28CA0BAD0009AE1C /* BaseView.swift in Sources */,
				F454EC8728C9EA320009AE1C /* TopicCell.swift in Sources */,
				F42A621328C9C4DA008E5CFF /* MainCollectionViewCell.swift in Sources */,
			);
			runOnlyForDeploymentPostprocessing = 0;
		};
/* End PBXSourcesBuildPhase section */

/* Begin PBXVariantGroup section */
		F4E2EA8228C99F5800BBAC47 /* Main.storyboard */ = {
			isa = PBXVariantGroup;
			children = (
				F4E2EA8328C99F5800BBAC47 /* Base */,
			);
			name = Main.storyboard;
			sourceTree = "<group>";
		};
		F4E2EA8728C99F5900BBAC47 /* LaunchScreen.storyboard */ = {
			isa = PBXVariantGroup;
			children = (
				F4E2EA8828C99F5900BBAC47 /* Base */,
			);
			name = LaunchScreen.storyboard;
			sourceTree = "<group>";
		};
/* End PBXVariantGroup section */

/* Begin XCBuildConfiguration section */
		F4E2EA8B28C99F5900BBAC47 /* Debug */ = {
			isa = XCBuildConfiguration;
			buildSettings = {
				ALWAYS_SEARCH_USER_PATHS = NO;
				CLANG_ANALYZER_NONNULL = YES;
				CLANG_ANALYZER_NUMBER_OBJECT_CONVERSION = YES_AGGRESSIVE;
				CLANG_CXX_LANGUAGE_STANDARD = "gnu++17";
				CLANG_ENABLE_MODULES = YES;
				CLANG_ENABLE_OBJC_ARC = YES;
				CLANG_ENABLE_OBJC_WEAK = YES;
				CLANG_WARN_BLOCK_CAPTURE_AUTORELEASING = YES;
				CLANG_WARN_BOOL_CONVERSION = YES;
				CLANG_WARN_COMMA = YES;
				CLANG_WARN_CONSTANT_CONVERSION = YES;
				CLANG_WARN_DEPRECATED_OBJC_IMPLEMENTATIONS = YES;
				CLANG_WARN_DIRECT_OBJC_ISA_USAGE = YES_ERROR;
				CLANG_WARN_DOCUMENTATION_COMMENTS = YES;
				CLANG_WARN_EMPTY_BODY = YES;
				CLANG_WARN_ENUM_CONVERSION = YES;
				CLANG_WARN_INFINITE_RECURSION = YES;
				CLANG_WARN_INT_CONVERSION = YES;
				CLANG_WARN_NON_LITERAL_NULL_CONVERSION = YES;
				CLANG_WARN_OBJC_IMPLICIT_RETAIN_SELF = YES;
				CLANG_WARN_OBJC_LITERAL_CONVERSION = YES;
				CLANG_WARN_OBJC_ROOT_CLASS = YES_ERROR;
				CLANG_WARN_QUOTED_INCLUDE_IN_FRAMEWORK_HEADER = YES;
				CLANG_WARN_RANGE_LOOP_ANALYSIS = YES;
				CLANG_WARN_STRICT_PROTOTYPES = YES;
				CLANG_WARN_SUSPICIOUS_MOVE = YES;
				CLANG_WARN_UNGUARDED_AVAILABILITY = YES_AGGRESSIVE;
				CLANG_WARN_UNREACHABLE_CODE = YES;
				CLANG_WARN__DUPLICATE_METHOD_MATCH = YES;
				COPY_PHASE_STRIP = NO;
				DEBUG_INFORMATION_FORMAT = dwarf;
				ENABLE_STRICT_OBJC_MSGSEND = YES;
				ENABLE_TESTABILITY = YES;
				GCC_C_LANGUAGE_STANDARD = gnu11;
				GCC_DYNAMIC_NO_PIC = NO;
				GCC_NO_COMMON_BLOCKS = YES;
				GCC_OPTIMIZATION_LEVEL = 0;
				GCC_PREPROCESSOR_DEFINITIONS = (
					"DEBUG=1",
					"$(inherited)",
				);
				GCC_WARN_64_TO_32_BIT_CONVERSION = YES;
				GCC_WARN_ABOUT_RETURN_TYPE = YES_ERROR;
				GCC_WARN_UNDECLARED_SELECTOR = YES;
				GCC_WARN_UNINITIALIZED_AUTOS = YES_AGGRESSIVE;
				GCC_WARN_UNUSED_FUNCTION = YES;
				GCC_WARN_UNUSED_VARIABLE = YES;
				IPHONEOS_DEPLOYMENT_TARGET = 15.5;
				MTL_ENABLE_DEBUG_INFO = INCLUDE_SOURCE;
				MTL_FAST_MATH = YES;
				ONLY_ACTIVE_ARCH = YES;
				SDKROOT = iphoneos;
				SWIFT_ACTIVE_COMPILATION_CONDITIONS = DEBUG;
				SWIFT_OPTIMIZATION_LEVEL = "-Onone";
			};
			name = Debug;
		};
		F4E2EA8C28C99F5900BBAC47 /* Release */ = {
			isa = XCBuildConfiguration;
			buildSettings = {
				ALWAYS_SEARCH_USER_PATHS = NO;
				CLANG_ANALYZER_NONNULL = YES;
				CLANG_ANALYZER_NUMBER_OBJECT_CONVERSION = YES_AGGRESSIVE;
				CLANG_CXX_LANGUAGE_STANDARD = "gnu++17";
				CLANG_ENABLE_MODULES = YES;
				CLANG_ENABLE_OBJC_ARC = YES;
				CLANG_ENABLE_OBJC_WEAK = YES;
				CLANG_WARN_BLOCK_CAPTURE_AUTORELEASING = YES;
				CLANG_WARN_BOOL_CONVERSION = YES;
				CLANG_WARN_COMMA = YES;
				CLANG_WARN_CONSTANT_CONVERSION = YES;
				CLANG_WARN_DEPRECATED_OBJC_IMPLEMENTATIONS = YES;
				CLANG_WARN_DIRECT_OBJC_ISA_USAGE = YES_ERROR;
				CLANG_WARN_DOCUMENTATION_COMMENTS = YES;
				CLANG_WARN_EMPTY_BODY = YES;
				CLANG_WARN_ENUM_CONVERSION = YES;
				CLANG_WARN_INFINITE_RECURSION = YES;
				CLANG_WARN_INT_CONVERSION = YES;
				CLANG_WARN_NON_LITERAL_NULL_CONVERSION = YES;
				CLANG_WARN_OBJC_IMPLICIT_RETAIN_SELF = YES;
				CLANG_WARN_OBJC_LITERAL_CONVERSION = YES;
				CLANG_WARN_OBJC_ROOT_CLASS = YES_ERROR;
				CLANG_WARN_QUOTED_INCLUDE_IN_FRAMEWORK_HEADER = YES;
				CLANG_WARN_RANGE_LOOP_ANALYSIS = YES;
				CLANG_WARN_STRICT_PROTOTYPES = YES;
				CLANG_WARN_SUSPICIOUS_MOVE = YES;
				CLANG_WARN_UNGUARDED_AVAILABILITY = YES_AGGRESSIVE;
				CLANG_WARN_UNREACHABLE_CODE = YES;
				CLANG_WARN__DUPLICATE_METHOD_MATCH = YES;
				COPY_PHASE_STRIP = NO;
				DEBUG_INFORMATION_FORMAT = "dwarf-with-dsym";
				ENABLE_NS_ASSERTIONS = NO;
				ENABLE_STRICT_OBJC_MSGSEND = YES;
				GCC_C_LANGUAGE_STANDARD = gnu11;
				GCC_NO_COMMON_BLOCKS = YES;
				GCC_WARN_64_TO_32_BIT_CONVERSION = YES;
				GCC_WARN_ABOUT_RETURN_TYPE = YES_ERROR;
				GCC_WARN_UNDECLARED_SELECTOR = YES;
				GCC_WARN_UNINITIALIZED_AUTOS = YES_AGGRESSIVE;
				GCC_WARN_UNUSED_FUNCTION = YES;
				GCC_WARN_UNUSED_VARIABLE = YES;
				IPHONEOS_DEPLOYMENT_TARGET = 15.5;
				MTL_ENABLE_DEBUG_INFO = NO;
				MTL_FAST_MATH = YES;
				SDKROOT = iphoneos;
				SWIFT_COMPILATION_MODE = wholemodule;
				SWIFT_OPTIMIZATION_LEVEL = "-O";
				VALIDATE_PRODUCT = YES;
			};
			name = Release;
		};
		F4E2EA8E28C99F5900BBAC47 /* Debug */ = {
			isa = XCBuildConfiguration;
			buildSettings = {
				ASSETCATALOG_COMPILER_APPICON_NAME = AppIcon;
				ASSETCATALOG_COMPILER_GLOBAL_ACCENT_COLOR_NAME = AccentColor;
				CODE_SIGN_STYLE = Automatic;
				CURRENT_PROJECT_VERSION = 1;
				DEVELOPMENT_TEAM = M526U856M5;
				GENERATE_INFOPLIST_FILE = YES;
				INFOPLIST_FILE = UICollectionViewDiffableDataSource/Info.plist;
				INFOPLIST_KEY_UIApplicationSupportsIndirectInputEvents = YES;
				INFOPLIST_KEY_UILaunchStoryboardName = LaunchScreen;
				INFOPLIST_KEY_UIMainStoryboardFile = Main;
				INFOPLIST_KEY_UISupportedInterfaceOrientations_iPad = "UIInterfaceOrientationPortrait UIInterfaceOrientationPortraitUpsideDown UIInterfaceOrientationLandscapeLeft UIInterfaceOrientationLandscapeRight";
				INFOPLIST_KEY_UISupportedInterfaceOrientations_iPhone = "UIInterfaceOrientationPortrait UIInterfaceOrientationLandscapeLeft UIInterfaceOrientationLandscapeRight";
				IPHONEOS_DEPLOYMENT_TARGET = 15.0;
				LD_RUNPATH_SEARCH_PATHS = (
					"$(inherited)",
					"@executable_path/Frameworks",
				);
				MARKETING_VERSION = 1.0;
				PRODUCT_BUNDLE_IDENTIFIER = com.haha1haka.UICollectionViewDiffableDataSource;
				PRODUCT_NAME = "$(TARGET_NAME)";
				SWIFT_EMIT_LOC_STRINGS = YES;
				SWIFT_VERSION = 5.0;
				TARGETED_DEVICE_FAMILY = 1;
			};
			name = Debug;
		};
		F4E2EA8F28C99F5900BBAC47 /* Release */ = {
			isa = XCBuildConfiguration;
			buildSettings = {
				ASSETCATALOG_COMPILER_APPICON_NAME = AppIcon;
				ASSETCATALOG_COMPILER_GLOBAL_ACCENT_COLOR_NAME = AccentColor;
				CODE_SIGN_STYLE = Automatic;
				CURRENT_PROJECT_VERSION = 1;
				DEVELOPMENT_TEAM = M526U856M5;
				GENERATE_INFOPLIST_FILE = YES;
				INFOPLIST_FILE = UICollectionViewDiffableDataSource/Info.plist;
				INFOPLIST_KEY_UIApplicationSupportsIndirectInputEvents = YES;
				INFOPLIST_KEY_UILaunchStoryboardName = LaunchScreen;
				INFOPLIST_KEY_UIMainStoryboardFile = Main;
				INFOPLIST_KEY_UISupportedInterfaceOrientations_iPad = "UIInterfaceOrientationPortrait UIInterfaceOrientationPortraitUpsideDown UIInterfaceOrientationLandscapeLeft UIInterfaceOrientationLandscapeRight";
				INFOPLIST_KEY_UISupportedInterfaceOrientations_iPhone = "UIInterfaceOrientationPortrait UIInterfaceOrientationLandscapeLeft UIInterfaceOrientationLandscapeRight";
				IPHONEOS_DEPLOYMENT_TARGET = 15.0;
				LD_RUNPATH_SEARCH_PATHS = (
					"$(inherited)",
					"@executable_path/Frameworks",
				);
				MARKETING_VERSION = 1.0;
				PRODUCT_BUNDLE_IDENTIFIER = com.haha1haka.UICollectionViewDiffableDataSource;
				PRODUCT_NAME = "$(TARGET_NAME)";
				SWIFT_EMIT_LOC_STRINGS = YES;
				SWIFT_VERSION = 5.0;
				TARGETED_DEVICE_FAMILY = 1;
			};
			name = Release;
		};
/* End XCBuildConfiguration section */

/* Begin XCConfigurationList section */
		F4E2EA7428C99F5800BBAC47 /* Build configuration list for PBXProject "UICollectionViewDiffableDataSource" */ = {
			isa = XCConfigurationList;
			buildConfigurations = (
				F4E2EA8B28C99F5900BBAC47 /* Debug */,
				F4E2EA8C28C99F5900BBAC47 /* Release */,
			);
			defaultConfigurationIsVisible = 0;
			defaultConfigurationName = Release;
		};
		F4E2EA8D28C99F5900BBAC47 /* Build configuration list for PBXNativeTarget "UICollectionViewDiffableDataSource" */ = {
			isa = XCConfigurationList;
			buildConfigurations = (
				F4E2EA8E28C99F5900BBAC47 /* Debug */,
				F4E2EA8F28C99F5900BBAC47 /* Release */,
			);
			defaultConfigurationIsVisible = 0;
			defaultConfigurationName = Release;
		};
/* End XCConfigurationList section */

/* Begin XCRemoteSwiftPackageReference section */
		F42A621428C9C594008E5CFF /* XCRemoteSwiftPackageReference "SnapKit" */ = {
			isa = XCRemoteSwiftPackageReference;
			repositoryURL = "https://github.com/SnapKit/SnapKit";
			requirement = {
				kind = upToNextMajorVersion;
				minimumVersion = 5.0.0;
			};
		};
/* End XCRemoteSwiftPackageReference section */

/* Begin XCSwiftPackageProductDependency section */
		F42A621528C9C594008E5CFF /* SnapKit */ = {
			isa = XCSwiftPackageProductDependency;
			package = F42A621428C9C594008E5CFF /* XCRemoteSwiftPackageReference "SnapKit" */;
			productName = SnapKit;
		};
/* End XCSwiftPackageProductDependency section */
	};
	rootObject = F4E2EA7128C99F5800BBAC47 /* Project object */;
}
