// !$*UTF8*$!
{
	archiveVersion = 1;
	classes = {
	};
	objectVersion = 55;
	objects = {

/* Begin PBXBuildFile section */
		F48D50A92892927E0011D38F /* AppDelegate.swift in Sources */ = {isa = PBXBuildFile; fileRef = F48D50A82892927E0011D38F /* AppDelegate.swift */; };
		F48D50AB2892927E0011D38F /* SceneDelegate.swift in Sources */ = {isa = PBXBuildFile; fileRef = F48D50AA2892927E0011D38F /* SceneDelegate.swift */; };
		F48D50AD2892927E0011D38F /* ViewController.swift in Sources */ = {isa = PBXBuildFile; fileRef = F48D50AC2892927E0011D38F /* ViewController.swift */; };
		F48D50B02892927E0011D38F /* Main.storyboard in Resources */ = {isa = PBXBuildFile; fileRef = F48D50AE2892927E0011D38F /* Main.storyboard */; };
		F48D50B22892927E0011D38F /* Assets.xcassets in Resources */ = {isa = PBXBuildFile; fileRef = F48D50B12892927E0011D38F /* Assets.xcassets */; };
		F48D50B52892927E0011D38F /* LaunchScreen.storyboard in Resources */ = {isa = PBXBuildFile; fileRef = F48D50B32892927E0011D38F /* LaunchScreen.storyboard */; };
		F48D50C0289293240011D38F /* FirstTableViewCell.swift in Sources */ = {isa = PBXBuildFile; fileRef = F48D50BE289293240011D38F /* FirstTableViewCell.swift */; };
		F48D50C1289293240011D38F /* FirstTableViewCell.xib in Resources */ = {isa = PBXBuildFile; fileRef = F48D50BF289293240011D38F /* FirstTableViewCell.xib */; };
		F48D50C42892932E0011D38F /* SecondTableViewCell.swift in Sources */ = {isa = PBXBuildFile; fileRef = F48D50C22892932E0011D38F /* SecondTableViewCell.swift */; };
		F48D50C52892932E0011D38F /* SecondTableViewCell.xib in Resources */ = {isa = PBXBuildFile; fileRef = F48D50C32892932E0011D38F /* SecondTableViewCell.xib */; };
/* End PBXBuildFile section */

/* Begin PBXFileReference section */
		F48D50A52892927E0011D38F /* UITableView+XIBCell.app */ = {isa = PBXFileReference; explicitFileType = wrapper.application; includeInIndex = 0; path = "UITableView+XIBCell.app"; sourceTree = BUILT_PRODUCTS_DIR; };
		F48D50A82892927E0011D38F /* AppDelegate.swift */ = {isa = PBXFileReference; lastKnownFileType = sourcecode.swift; path = AppDelegate.swift; sourceTree = "<group>"; };
		F48D50AA2892927E0011D38F /* SceneDelegate.swift */ = {isa = PBXFileReference; lastKnownFileType = sourcecode.swift; path = SceneDelegate.swift; sourceTree = "<group>"; };
		F48D50AC2892927E0011D38F /* ViewController.swift */ = {isa = PBXFileReference; lastKnownFileType = sourcecode.swift; path = ViewController.swift; sourceTree = "<group>"; };
		F48D50AF2892927E0011D38F /* Base */ = {isa = PBXFileReference; lastKnownFileType = file.storyboard; name = Base; path = Base.lproj/Main.storyboard; sourceTree = "<group>"; };
		F48D50B12892927E0011D38F /* Assets.xcassets */ = {isa = PBXFileReference; lastKnownFileType = folder.assetcatalog; path = Assets.xcassets; sourceTree = "<group>"; };
		F48D50B42892927E0011D38F /* Base */ = {isa = PBXFileReference; lastKnownFileType = file.storyboard; name = Base; path = Base.lproj/LaunchScreen.storyboard; sourceTree = "<group>"; };
		F48D50B62892927E0011D38F /* Info.plist */ = {isa = PBXFileReference; lastKnownFileType = text.plist.xml; path = Info.plist; sourceTree = "<group>"; };
		F48D50BE289293240011D38F /* FirstTableViewCell.swift */ = {isa = PBXFileReference; lastKnownFileType = sourcecode.swift; path = FirstTableViewCell.swift; sourceTree = "<group>"; };
		F48D50BF289293240011D38F /* FirstTableViewCell.xib */ = {isa = PBXFileReference; lastKnownFileType = file.xib; path = FirstTableViewCell.xib; sourceTree = "<group>"; };
		F48D50C22892932E0011D38F /* SecondTableViewCell.swift */ = {isa = PBXFileReference; lastKnownFileType = sourcecode.swift; path = SecondTableViewCell.swift; sourceTree = "<group>"; };
		F48D50C32892932E0011D38F /* SecondTableViewCell.xib */ = {isa = PBXFileReference; lastKnownFileType = file.xib; path = SecondTableViewCell.xib; sourceTree = "<group>"; };
/* End PBXFileReference section */

/* Begin PBXFrameworksBuildPhase section */
		F48D50A22892927E0011D38F /* Frameworks */ = {
			isa = PBXFrameworksBuildPhase;
			buildActionMask = 2147483647;
			files = (
			);
			runOnlyForDeploymentPostprocessing = 0;
		};
/* End PBXFrameworksBuildPhase section */

/* Begin PBXGroup section */
		F48D509C2892927E0011D38F = {
			isa = PBXGroup;
			children = (
				F48D50A72892927E0011D38F /* UITableView+XIBCell */,
				F48D50A62892927E0011D38F /* Products */,
			);
			sourceTree = "<group>";
		};
		F48D50A62892927E0011D38F /* Products */ = {
			isa = PBXGroup;
			children = (
				F48D50A52892927E0011D38F /* UITableView+XIBCell.app */,
			);
			name = Products;
			sourceTree = "<group>";
		};
		F48D50A72892927E0011D38F /* UITableView+XIBCell */ = {
			isa = PBXGroup;
			children = (
				F48D50A82892927E0011D38F /* AppDelegate.swift */,
				F48D50AA2892927E0011D38F /* SceneDelegate.swift */,
				F48D50AC2892927E0011D38F /* ViewController.swift */,
				F48D50AE2892927E0011D38F /* Main.storyboard */,
				F48D50BE289293240011D38F /* FirstTableViewCell.swift */,
				F48D50BF289293240011D38F /* FirstTableViewCell.xib */,
				F48D50C22892932E0011D38F /* SecondTableViewCell.swift */,
				F48D50C32892932E0011D38F /* SecondTableViewCell.xib */,
				F48D50B12892927E0011D38F /* Assets.xcassets */,
				F48D50B32892927E0011D38F /* LaunchScreen.storyboard */,
				F48D50B62892927E0011D38F /* Info.plist */,
			);
			path = "UITableView+XIBCell";
			sourceTree = "<group>";
		};
/* End PBXGroup section */

/* Begin PBXNativeTarget section */
		F48D50A42892927E0011D38F /* UITableView+XIBCell */ = {
			isa = PBXNativeTarget;
			buildConfigurationList = F48D50B92892927E0011D38F /* Build configuration list for PBXNativeTarget "UITableView+XIBCell" */;
			buildPhases = (
				F48D50A12892927E0011D38F /* Sources */,
				F48D50A22892927E0011D38F /* Frameworks */,
				F48D50A32892927E0011D38F /* Resources */,
			);
			buildRules = (
			);
			dependencies = (
			);
			name = "UITableView+XIBCell";
			productName = "UITableView+XIBCell";
			productReference = F48D50A52892927E0011D38F /* UITableView+XIBCell.app */;
			productType = "com.apple.product-type.application";
		};
/* End PBXNativeTarget section */

/* Begin PBXProject section */
		F48D509D2892927E0011D38F /* Project object */ = {
			isa = PBXProject;
			attributes = {
				BuildIndependentTargetsInParallel = 1;
				LastSwiftUpdateCheck = 1340;
				LastUpgradeCheck = 1340;
				TargetAttributes = {
					F48D50A42892927E0011D38F = {
						CreatedOnToolsVersion = 13.4.1;
					};
				};
			};
			buildConfigurationList = F48D50A02892927E0011D38F /* Build configuration list for PBXProject "UITableView+XIBCell" */;
			compatibilityVersion = "Xcode 13.0";
			developmentRegion = en;
			hasScannedForEncodings = 0;
			knownRegions = (
				en,
				Base,
			);
			mainGroup = F48D509C2892927E0011D38F;
			productRefGroup = F48D50A62892927E0011D38F /* Products */;
			projectDirPath = "";
			projectRoot = "";
			targets = (
				F48D50A42892927E0011D38F /* UITableView+XIBCell */,
			);
		};
/* End PBXProject section */

/* Begin PBXResourcesBuildPhase section */
		F48D50A32892927E0011D38F /* Resources */ = {
			isa = PBXResourcesBuildPhase;
			buildActionMask = 2147483647;
			files = (
				F48D50B52892927E0011D38F /* LaunchScreen.storyboard in Resources */,
				F48D50B22892927E0011D38F /* Assets.xcassets in Resources */,
				F48D50C52892932E0011D38F /* SecondTableViewCell.xib in Resources */,
				F48D50C1289293240011D38F /* FirstTableViewCell.xib in Resources */,
				F48D50B02892927E0011D38F /* Main.storyboard in Resources */,
			);
			runOnlyForDeploymentPostprocessing = 0;
		};
/* End PBXResourcesBuildPhase section */

/* Begin PBXSourcesBuildPhase section */
		F48D50A12892927E0011D38F /* Sources */ = {
			isa = PBXSourcesBuildPhase;
			buildActionMask = 2147483647;
			files = (
				F48D50AD2892927E0011D38F /* ViewController.swift in Sources */,
				F48D50C42892932E0011D38F /* SecondTableViewCell.swift in Sources */,
				F48D50A92892927E0011D38F /* AppDelegate.swift in Sources */,
				F48D50C0289293240011D38F /* FirstTableViewCell.swift in Sources */,
				F48D50AB2892927E0011D38F /* SceneDelegate.swift in Sources */,
			);
			runOnlyForDeploymentPostprocessing = 0;
		};
/* End PBXSourcesBuildPhase section */

/* Begin PBXVariantGroup section */
		F48D50AE2892927E0011D38F /* Main.storyboard */ = {
			isa = PBXVariantGroup;
			children = (
				F48D50AF2892927E0011D38F /* Base */,
			);
			name = Main.storyboard;
			sourceTree = "<group>";
		};
		F48D50B32892927E0011D38F /* LaunchScreen.storyboard */ = {
			isa = PBXVariantGroup;
			children = (
				F48D50B42892927E0011D38F /* Base */,
			);
			name = LaunchScreen.storyboard;
			sourceTree = "<group>";
		};
/* End PBXVariantGroup section */

/* Begin XCBuildConfiguration section */
		F48D50B72892927E0011D38F /* Debug */ = {
			isa = XCBuildConfiguration;
			buildSettings = {
				ALWAYS_SEARCH_USER_PATHS = NO;
				CLANG_ANALYZER_NONNULL = YES;
				CLANG_ANALYZER_NUMBER_OBJECT_CONVERSION = YES_AGGRESSIVE;
				CLANG_CXX_LANGUAGE_STANDARD = "gnu++17";
				CLANG_ENABLE_MODULES = YES;
				CLANG_ENABLE_OBJC_ARC = YES;
				CLANG_ENABLE_OBJC_WEAK = YES;
				CLANG_WARN_BLOCK_CAPTURE_AUTORELEASING = YES;
				CLANG_WARN_BOOL_CONVERSION = YES;
				CLANG_WARN_COMMA = YES;
				CLANG_WARN_CONSTANT_CONVERSION = YES;
				CLANG_WARN_DEPRECATED_OBJC_IMPLEMENTATIONS = YES;
				CLANG_WARN_DIRECT_OBJC_ISA_USAGE = YES_ERROR;
				CLANG_WARN_DOCUMENTATION_COMMENTS = YES;
				CLANG_WARN_EMPTY_BODY = YES;
				CLANG_WARN_ENUM_CONVERSION = YES;
				CLANG_WARN_INFINITE_RECURSION = YES;
				CLANG_WARN_INT_CONVERSION = YES;
				CLANG_WARN_NON_LITERAL_NULL_CONVERSION = YES;
				CLANG_WARN_OBJC_IMPLICIT_RETAIN_SELF = YES;
				CLANG_WARN_OBJC_LITERAL_CONVERSION = YES;
				CLANG_WARN_OBJC_ROOT_CLASS = YES_ERROR;
				CLANG_WARN_QUOTED_INCLUDE_IN_FRAMEWORK_HEADER = YES;
				CLANG_WARN_RANGE_LOOP_ANALYSIS = YES;
				CLANG_WARN_STRICT_PROTOTYPES = YES;
				CLANG_WARN_SUSPICIOUS_MOVE = YES;
				CLANG_WARN_UNGUARDED_AVAILABILITY = YES_AGGRESSIVE;
				CLANG_WARN_UNREACHABLE_CODE = YES;
				CLANG_WARN__DUPLICATE_METHOD_MATCH = YES;
				COPY_PHASE_STRIP = NO;
				DEBUG_INFORMATION_FORMAT = dwarf;
				ENABLE_STRICT_OBJC_MSGSEND = YES;
				ENABLE_TESTABILITY = YES;
				GCC_C_LANGUAGE_STANDARD = gnu11;
				GCC_DYNAMIC_NO_PIC = NO;
				GCC_NO_COMMON_BLOCKS = YES;
				GCC_OPTIMIZATION_LEVEL = 0;
				GCC_PREPROCESSOR_DEFINITIONS = (
					"DEBUG=1",
					"$(inherited)",
				);
				GCC_WARN_64_TO_32_BIT_CONVERSION = YES;
				GCC_WARN_ABOUT_RETURN_TYPE = YES_ERROR;
				GCC_WARN_UNDECLARED_SELECTOR = YES;
				GCC_WARN_UNINITIALIZED_AUTOS = YES_AGGRESSIVE;
				GCC_WARN_UNUSED_FUNCTION = YES;
				GCC_WARN_UNUSED_VARIABLE = YES;
				IPHONEOS_DEPLOYMENT_TARGET = 15.5;
				MTL_ENABLE_DEBUG_INFO = INCLUDE_SOURCE;
				MTL_FAST_MATH = YES;
				ONLY_ACTIVE_ARCH = YES;
				SDKROOT = iphoneos;
				SWIFT_ACTIVE_COMPILATION_CONDITIONS = DEBUG;
				SWIFT_OPTIMIZATION_LEVEL = "-Onone";
			};
			name = Debug;
		};
		F48D50B82892927E0011D38F /* Release */ = {
			isa = XCBuildConfiguration;
			buildSettings = {
				ALWAYS_SEARCH_USER_PATHS = NO;
				CLANG_ANALYZER_NONNULL = YES;
				CLANG_ANALYZER_NUMBER_OBJECT_CONVERSION = YES_AGGRESSIVE;
				CLANG_CXX_LANGUAGE_STANDARD = "gnu++17";
				CLANG_ENABLE_MODULES = YES;
				CLANG_ENABLE_OBJC_ARC = YES;
				CLANG_ENABLE_OBJC_WEAK = YES;
				CLANG_WARN_BLOCK_CAPTURE_AUTORELEASING = YES;
				CLANG_WARN_BOOL_CONVERSION = YES;
				CLANG_WARN_COMMA = YES;
				CLANG_WARN_CONSTANT_CONVERSION = YES;
				CLANG_WARN_DEPRECATED_OBJC_IMPLEMENTATIONS = YES;
				CLANG_WARN_DIRECT_OBJC_ISA_USAGE = YES_ERROR;
				CLANG_WARN_DOCUMENTATION_COMMENTS = YES;
				CLANG_WARN_EMPTY_BODY = YES;
				CLANG_WARN_ENUM_CONVERSION = YES;
				CLANG_WARN_INFINITE_RECURSION = YES;
				CLANG_WARN_INT_CONVERSION = YES;
				CLANG_WARN_NON_LITERAL_NULL_CONVERSION = YES;
				CLANG_WARN_OBJC_IMPLICIT_RETAIN_SELF = YES;
				CLANG_WARN_OBJC_LITERAL_CONVERSION = YES;
				CLANG_WARN_OBJC_ROOT_CLASS = YES_ERROR;
				CLANG_WARN_QUOTED_INCLUDE_IN_FRAMEWORK_HEADER = YES;
				CLANG_WARN_RANGE_LOOP_ANALYSIS = YES;
				CLANG_WARN_STRICT_PROTOTYPES = YES;
				CLANG_WARN_SUSPICIOUS_MOVE = YES;
				CLANG_WARN_UNGUARDED_AVAILABILITY = YES_AGGRESSIVE;
				CLANG_WARN_UNREACHABLE_CODE = YES;
				CLANG_WARN__DUPLICATE_METHOD_MATCH = YES;
				COPY_PHASE_STRIP = NO;
				DEBUG_INFORMATION_FORMAT = "dwarf-with-dsym";
				ENABLE_NS_ASSERTIONS = NO;
				ENABLE_STRICT_OBJC_MSGSEND = YES;
				GCC_C_LANGUAGE_STANDARD = gnu11;
				GCC_NO_COMMON_BLOCKS = YES;
				GCC_WARN_64_TO_32_BIT_CONVERSION = YES;
				GCC_WARN_ABOUT_RETURN_TYPE = YES_ERROR;
				GCC_WARN_UNDECLARED_SELECTOR = YES;
				GCC_WARN_UNINITIALIZED_AUTOS = YES_AGGRESSIVE;
				GCC_WARN_UNUSED_FUNCTION = YES;
				GCC_WARN_UNUSED_VARIABLE = YES;
				IPHONEOS_DEPLOYMENT_TARGET = 15.5;
				MTL_ENABLE_DEBUG_INFO = NO;
				MTL_FAST_MATH = YES;
				SDKROOT = iphoneos;
				SWIFT_COMPILATION_MODE = wholemodule;
				SWIFT_OPTIMIZATION_LEVEL = "-O";
				VALIDATE_PRODUCT = YES;
			};
			name = Release;
		};
		F48D50BA2892927E0011D38F /* Debug */ = {
			isa = XCBuildConfiguration;
			buildSettings = {
				ASSETCATALOG_COMPILER_APPICON_NAME = AppIcon;
				ASSETCATALOG_COMPILER_GLOBAL_ACCENT_COLOR_NAME = AccentColor;
				CODE_SIGN_STYLE = Automatic;
				CURRENT_PROJECT_VERSION = 1;
				DEVELOPMENT_TEAM = M526U856M5;
				GENERATE_INFOPLIST_FILE = YES;
				INFOPLIST_FILE = "UITableView+XIBCell/Info.plist";
				INFOPLIST_KEY_UIApplicationSupportsIndirectInputEvents = YES;
				INFOPLIST_KEY_UILaunchStoryboardName = LaunchScreen;
				INFOPLIST_KEY_UIMainStoryboardFile = Main;
				INFOPLIST_KEY_UISupportedInterfaceOrientations_iPad = "UIInterfaceOrientationPortrait UIInterfaceOrientationPortraitUpsideDown UIInterfaceOrientationLandscapeLeft UIInterfaceOrientationLandscapeRight";
				INFOPLIST_KEY_UISupportedInterfaceOrientations_iPhone = "UIInterfaceOrientationPortrait UIInterfaceOrientationLandscapeLeft UIInterfaceOrientationLandscapeRight";
				IPHONEOS_DEPLOYMENT_TARGET = 15.0;
				LD_RUNPATH_SEARCH_PATHS = (
					"$(inherited)",
					"@executable_path/Frameworks",
				);
				MARKETING_VERSION = 1.0;
				PRODUCT_BUNDLE_IDENTIFIER = "com.haha1haka.UITableView-XIBCell";
				PRODUCT_NAME = "$(TARGET_NAME)";
				SWIFT_EMIT_LOC_STRINGS = YES;
				SWIFT_VERSION = 5.0;
				TARGETED_DEVICE_FAMILY = 1;
			};
			name = Debug;
		};
		F48D50BB2892927E0011D38F /* Release */ = {
			isa = XCBuildConfiguration;
			buildSettings = {
				ASSETCATALOG_COMPILER_APPICON_NAME = AppIcon;
				ASSETCATALOG_COMPILER_GLOBAL_ACCENT_COLOR_NAME = AccentColor;
				CODE_SIGN_STYLE = Automatic;
				CURRENT_PROJECT_VERSION = 1;
				DEVELOPMENT_TEAM = M526U856M5;
				GENERATE_INFOPLIST_FILE = YES;
				INFOPLIST_FILE = "UITableView+XIBCell/Info.plist";
				INFOPLIST_KEY_UIApplicationSupportsIndirectInputEvents = YES;
				INFOPLIST_KEY_UILaunchStoryboardName = LaunchScreen;
				INFOPLIST_KEY_UIMainStoryboardFile = Main;
				INFOPLIST_KEY_UISupportedInterfaceOrientations_iPad = "UIInterfaceOrientationPortrait UIInterfaceOrientationPortraitUpsideDown UIInterfaceOrientationLandscapeLeft UIInterfaceOrientationLandscapeRight";
				INFOPLIST_KEY_UISupportedInterfaceOrientations_iPhone = "UIInterfaceOrientationPortrait UIInterfaceOrientationLandscapeLeft UIInterfaceOrientationLandscapeRight";
				IPHONEOS_DEPLOYMENT_TARGET = 15.0;
				LD_RUNPATH_SEARCH_PATHS = (
					"$(inherited)",
					"@executable_path/Frameworks",
				);
				MARKETING_VERSION = 1.0;
				PRODUCT_BUNDLE_IDENTIFIER = "com.haha1haka.UITableView-XIBCell";
				PRODUCT_NAME = "$(TARGET_NAME)";
				SWIFT_EMIT_LOC_STRINGS = YES;
				SWIFT_VERSION = 5.0;
				TARGETED_DEVICE_FAMILY = 1;
			};
			name = Release;
		};
/* End XCBuildConfiguration section */

/* Begin XCConfigurationList section */
		F48D50A02892927E0011D38F /* Build configuration list for PBXProject "UITableView+XIBCell" */ = {
			isa = XCConfigurationList;
			buildConfigurations = (
				F48D50B72892927E0011D38F /* Debug */,
				F48D50B82892927E0011D38F /* Release */,
			);
			defaultConfigurationIsVisible = 0;
			defaultConfigurationName = Release;
		};
		F48D50B92892927E0011D38F /* Build configuration list for PBXNativeTarget "UITableView+XIBCell" */ = {
			isa = XCConfigurationList;
			buildConfigurations = (
				F48D50BA2892927E0011D38F /* Debug */,
				F48D50BB2892927E0011D38F /* Release */,
			);
			defaultConfigurationIsVisible = 0;
			defaultConfigurationName = Release;
		};
/* End XCConfigurationList section */
	};
	rootObject = F48D509D2892927E0011D38F /* Project object */;
}
